
Microsoft Visual Studio Solution File, Format Version 12.00
# Visual Studio Version 17
VisualStudioVersion = 17.3.32819.101
MinimumVisualStudioVersion = 10.0.40219.1
Project("{FAE04EC0-301F-11D3-BF4B-00C04F79EFBC}") = "OnlineCourses", "OnlineCourses\OnlineCourses.csproj", "{14232537-D204-4FDB-935F-22DC0BE97DF5}"
EndProject
Global
	GlobalSection(SolutionConfigurationPlatforms) = preSolution
		Debug|Any CPU = Debug|Any CPU
		Release|Any CPU = Release|Any CPU
	EndGlobalSection
	GlobalSection(ProjectConfigurationPlatforms) = postSolution
		{14232537-D204-4FDB-935F-22DC0BE97DF5}.Debug|Any CPU.ActiveCfg = Debug|Any CPU
		{14232537-D204-4FDB-935F-22DC0BE97DF5}.Debug|Any CPU.Build.0 = Debug|Any CPU
		{14232537-D204-4FDB-935F-22DC0BE97DF5}.Release|Any CPU.ActiveCfg = Release|Any CPU
		{14232537-D204-4FDB-935F-22DC0BE97DF5}.Release|Any CPU.Build.0 = Release|Any CPU
	EndGlobalSection
	GlobalSection(SolutionProperties) = preSolution
		HideSolutionNode = FALSE
	EndGlobalSection
	GlobalSection(ExtensibilityGlobals) = postSolution
		SolutionGuid = {80427F77-AF1D-412C-ADB5-3333749E332D}
	EndGlobalSection
EndGlobal
